
Microsoft Visual Studio Solution File, Format Version 12.00
# Visual Studio Version 16
VisualStudioVersion = 16.0.29411.108
MinimumVisualStudioVersion = 10.0.40219.1
Project("{FAE04EC0-301F-11D3-BF4B-00C04F79EFBC}") = "t-l-4", "t-l-4\t-l-4.csproj", "{0FEC0A07-3351-4B99-809C-F1961D4C0FF3}"
EndProject
Global
	GlobalSection(SolutionConfigurationPlatforms) = preSolution
		Debug|Any CPU = Debug|Any CPU
		Release|Any CPU = Release|Any CPU
	EndGlobalSection
	GlobalSection(ProjectConfigurationPlatforms) = postSolution
		{0FEC0A07-3351-4B99-809C-F1961D4C0FF3}.Debug|Any CPU.ActiveCfg = Debug|Any CPU
		{0FEC0A07-3351-4B99-809C-F1961D4C0FF3}.Debug|Any CPU.Build.0 = Debug|Any CPU
		{0FEC0A07-3351-4B99-809C-F1961D4C0FF3}.Release|Any CPU.ActiveCfg = Release|Any CPU
		{0FEC0A07-3351-4B99-809C-F1961D4C0FF3}.Release|Any CPU.Build.0 = Release|Any CPU
	EndGlobalSection
	GlobalSection(SolutionProperties) = preSolution
		HideSolutionNode = FALSE
	EndGlobalSection
	GlobalSection(ExtensibilityGlobals) = postSolution
		SolutionGuid = {326C51B4-762D-4F57-8407-1D7651920F5F}
	EndGlobalSection
EndGlobal
